{
  "version": "5",
  "specifiers": {
    "jsr:@std/assert@1": "1.0.19",
    "jsr:@std/cache@~0.2.3": "0.2.3",
    "jsr:@std/internal@^1.0.12": "1.0.14",
    "npm:protobufjs@^8.7.1": "8.7.1"
  },
  "jsr": {
    "@std/assert@1.0.19": {
      "integrity": "eaada96ee120cb980bc47e040f82814d786fe8162ecc53c91d8df60b8755991e",
      "dependencies": [
        "jsr:@std/internal"
      ]
    },
    "@std/cache@0.2.3": {
      "integrity": "4e0bcab2e61f7c5637937bfe2bb13ccdd15e4dc3092beb14b78726bea8c49916"
    },
    "@std/internal@1.0.14": {
      "integrity": "291516b3d4c35024d6ffbc0a9df5bf4c64116e05b50012cf846710152d2ffdf7"
    }
  },
  "npm": {
    "long@5.3.2": {
      "integrity": "sha512-mNAgZ1GmyNhD7AuqnTG3/VQ26o760+ZYBPKjPvugO8+nLbYfX6TVpJPseBvopbdY+qpZ/lKUnmEc1LeZYS3QAA=="
    },
    "protobufjs@8.7.1": {
      "integrity": "sha512-agdGHrXNTv0IrYscJPDou/PlEJk1c/hBZ9o/B5NH2i/nSPtPqacNxzgwf1CebXxFMjMrZH5sqv9uQuw96aGt/A==",
      "dependencies": [
        "long"
      ]
    }
  },
  "workspace": {
    "dependencies": [
      "jsr:@std/assert@1",
      "jsr:@std/cache@~0.2.3",
      "npm:protobufjs@^8.7.1"
    ]
  }
}
